
Microsoft Visual Studio Solution File, Format Version 12.00
# Visual Studio 2012
Project("{FAE04EC0-301F-11D3-BF4B-00C04F79EFBC}") = "multi_media_project", "WindowsFormsApplication3\multi_media_project.csproj", "{BE7FA20D-2AA1-4F25-9961-BB088C7EF7D3}"
EndProject
Global
	GlobalSection(SolutionConfigurationPlatforms) = preSolution
		Debug|Any CPU = Debug|Any CPU
		Release|Any CPU = Release|Any CPU
	EndGlobalSection
	GlobalSection(ProjectConfigurationPlatforms) = postSolution
		{BE7FA20D-2AA1-4F25-9961-BB088C7EF7D3}.Debug|Any CPU.ActiveCfg = Debug|Any CPU
		{BE7FA20D-2AA1-4F25-9961-BB088C7EF7D3}.Debug|Any CPU.Build.0 = Debug|Any CPU
		{BE7FA20D-2AA1-4F25-9961-BB088C7EF7D3}.Release|Any CPU.ActiveCfg = Release|Any CPU
		{BE7FA20D-2AA1-4F25-9961-BB088C7EF7D3}.Release|Any CPU.Build.0 = Release|Any CPU
	EndGlobalSection
	GlobalSection(SolutionProperties) = preSolution
		HideSolutionNode = FALSE
	EndGlobalSection
EndGlobal
